
Microsoft Visual Studio Solution File, Format Version 12.00
# Visual Studio Version 17
VisualStudioVersion = 17.3.32819.101
MinimumVisualStudioVersion = 10.0.40219.1
Project("{FAE04EC0-301F-11D3-BF4B-00C04F79EFBC}") = "hej", "hej\hej.csproj", "{217A81C5-97EB-48FB-BCA9-9D9EB5CDACCB}"
EndProject
Global
	GlobalSection(SolutionConfigurationPlatforms) = preSolution
		Debug|Any CPU = Debug|Any CPU
		Release|Any CPU = Release|Any CPU
	EndGlobalSection
	GlobalSection(ProjectConfigurationPlatforms) = postSolution
		{217A81C5-97EB-48FB-BCA9-9D9EB5CDACCB}.Debug|Any CPU.ActiveCfg = Debug|Any CPU
		{217A81C5-97EB-48FB-BCA9-9D9EB5CDACCB}.Debug|Any CPU.Build.0 = Debug|Any CPU
		{217A81C5-97EB-48FB-BCA9-9D9EB5CDACCB}.Release|Any CPU.ActiveCfg = Release|Any CPU
		{217A81C5-97EB-48FB-BCA9-9D9EB5CDACCB}.Release|Any CPU.Build.0 = Release|Any CPU
	EndGlobalSection
	GlobalSection(SolutionProperties) = preSolution
		HideSolutionNode = FALSE
	EndGlobalSection
	GlobalSection(ExtensibilityGlobals) = postSolution
		SolutionGuid = {FF0CA010-BA85-45A9-BEC9-4BC1103761D0}
	EndGlobalSection
EndGlobal
